<?xml version="1.0" encoding="utf-8"?>
<Project ToolsVersion="4.0" xmlns="http://schemas.microsoft.com/developer/msbuild/2003">
  <ItemGroup>
    <Filter Include="소스 파일">
      <UniqueIdentifier>{4FC737F1-C7A5-4376-A066-2A32D752A2FF}</UniqueIdentifier>
      <Extensions>cpp;c;cc;cxx;c++;cppm;ixx;def;odl;idl;hpj;bat;asm;asmx</Extensions>
    </Filter>
    <Filter Include="헤더 파일">
      <UniqueIdentifier>{93995380-89BD-4b04-88EB-625FBE52EBFB}</UniqueIdentifier>
      <Extensions>h;hh;hpp;hxx;h++;hm;inl;inc;ipp;xsd</Extensions>
    </Filter>
    <Filter Include="리소스 파일">
      <UniqueIdentifier>{67DA6AB6-F800-4c08-8B7A-83BB121AAD01}</UniqueIdentifier>
      <Extensions>rc;ico;cur;bmp;dlg;rc2;rct;bin;rgs;gif;jpg;jpeg;jpe;resx;tiff;tif;png;wav;mfcribbon-ms</Extensions>
    </Filter>
    <Filter Include="소스 파일\01. Server">
      <UniqueIdentifier>{6cd66e54-27a5-496f-8e29-957012e2a8d2}</UniqueIdentifier>
    </Filter>
    <Filter Include="소스 파일\02. DB">
      <UniqueIdentifier>{e99f96a9-1c84-4266-aba2-621f65067beb}</UniqueIdentifier>
    </Filter>
    <Filter Include="소스 파일\03. Utils">
      <UniqueIdentifier>{5da4fdc0-d0e6-4ae9-a5cc-3f3bd64e9d4b}</UniqueIdentifier>
    </Filter>
  </ItemGroup>
  <ItemGroup>
    <ClCompile Include="main.cpp">
      <Filter>소스 파일</Filter>
    </ClCompile>
    <ClCompile Include="CMonitoringServer.cpp">
      <Filter>소스 파일\01. Server</Filter>
    </ClCompile>
    <ClCompile Include="CUser.cpp">
      <Filter>소스 파일\01. Server</Filter>
    </ClCompile>
    <ClCompile Include="..\utils\CDBConnector.cpp">
      <Filter>소스 파일\02. DB</Filter>
    </ClCompile>
    <ClCompile Include="..\utils\CCrashDump.cpp">
      <Filter>소스 파일\03. Utils</Filter>
    </ClCompile>
    <ClCompile Include="..\utils\CJsonParser.cpp">
      <Filter>소스 파일\03. Utils</Filter>
    </ClCompile>
    <ClCompile Include="..\utils\logger.cpp">
      <Filter>소스 파일\03. Utils</Filter>
    </ClCompile>
  </ItemGroup>
  <ItemGroup>
    <ClInclude Include="CMonitoringServer.h">
      <Filter>소스 파일\01. Server</Filter>
    </ClInclude>
    <ClInclude Include="CUser.h">
      <Filter>소스 파일\01. Server</Filter>
    </ClInclude>
    <ClInclude Include="defineMonitoringServer.h">
      <Filter>소스 파일\01. Server</Filter>
    </ClInclude>
    <ClInclude Include="..\utils\CDBConnector.h">
      <Filter>소스 파일\02. DB</Filter>
    </ClInclude>
    <ClInclude Include="..\utils\CCrashDump.h">
      <Filter>소스 파일\03. Utils</Filter>
    </ClInclude>
    <ClInclude Include="..\utils\CJsonParser.h">
      <Filter>소스 파일\03. Utils</Filter>
    </ClInclude>
    <ClInclude Include="..\utils\CLockfreeQueue.h">
      <Filter>소스 파일\03. Utils</Filter>
    </ClInclude>
    <ClInclude Include="..\utils\CMemoryPool.h">
      <Filter>소스 파일\03. Utils</Filter>
    </ClInclude>
    <ClInclude Include="..\utils\CMemoryPoolTLS.h">
      <Filter>소스 파일\03. Utils</Filter>
    </ClInclude>
    <ClInclude Include="..\utils\logger.h">
      <Filter>소스 파일\03. Utils</Filter>
    </ClInclude>
  </ItemGroup>
</Project>