<?xml version="1.0" encoding="utf-8"?>
<Project ToolsVersion="4.0" xmlns="http://schemas.microsoft.com/developer/msbuild/2003">
  <ItemGroup>
    <Filter Include="소스 파일">
      <UniqueIdentifier>{4FC737F1-C7A5-4376-A066-2A32D752A2FF}</UniqueIdentifier>
      <Extensions>cpp;c;cc;cxx;c++;cppm;ixx;def;odl;idl;hpj;bat;asm;asmx</Extensions>
    </Filter>
    <Filter Include="헤더 파일">
      <UniqueIdentifier>{93995380-89BD-4b04-88EB-625FBE52EBFB}</UniqueIdentifier>
      <Extensions>h;hh;hpp;hxx;h++;hm;inl;inc;ipp;xsd</Extensions>
    </Filter>
    <Filter Include="리소스 파일">
      <UniqueIdentifier>{67DA6AB6-F800-4c08-8B7A-83BB121AAD01}</UniqueIdentifier>
      <Extensions>rc;ico;cur;bmp;dlg;rc2;rct;bin;rgs;gif;jpg;jpeg;jpe;resx;tiff;tif;png;wav;mfcribbon-ms</Extensions>
    </Filter>
    <Filter Include="소스 파일\01. Network">
      <UniqueIdentifier>{7c165ca0-6e61-4ee1-9699-90447c1c5512}</UniqueIdentifier>
    </Filter>
    <Filter Include="소스 파일\02. Contents">
      <UniqueIdentifier>{cf0cb51b-02e1-47ae-a3f9-cef20fc5a53c}</UniqueIdentifier>
    </Filter>
    <Filter Include="소스 파일\03. Utils">
      <UniqueIdentifier>{38b6cf5e-cde6-4d64-8d6c-cb0d1f1fc20a}</UniqueIdentifier>
    </Filter>
  </ItemGroup>
  <ItemGroup>
    <ClCompile Include="CNetServer.cpp">
      <Filter>소스 파일\01. Network</Filter>
    </ClCompile>
    <ClCompile Include="CSession.cpp">
      <Filter>소스 파일\01. Network</Filter>
    </ClCompile>
    <ClCompile Include="CContents.cpp">
      <Filter>소스 파일\02. Contents</Filter>
    </ClCompile>
    <ClCompile Include="CPacket.cpp">
      <Filter>소스 파일\01. Network</Filter>
    </ClCompile>
    <ClCompile Include="CTimeMgr.cpp">
      <Filter>소스 파일\01. Network</Filter>
    </ClCompile>
    <ClCompile Include="..\utils\CRingbuffer.cpp">
      <Filter>소스 파일\03. Utils</Filter>
    </ClCompile>
  </ItemGroup>
  <ItemGroup>
    <ClInclude Include="CNetServer.h">
      <Filter>소스 파일\01. Network</Filter>
    </ClInclude>
    <ClInclude Include="CSession.h">
      <Filter>소스 파일\01. Network</Filter>
    </ClInclude>
    <ClInclude Include="defineNetwork.h">
      <Filter>소스 파일\01. Network</Filter>
    </ClInclude>
    <ClInclude Include="CContents.h">
      <Filter>소스 파일\02. Contents</Filter>
    </ClInclude>
    <ClInclude Include="CPacket.h">
      <Filter>소스 파일\01. Network</Filter>
    </ClInclude>
    <ClInclude Include="CTimeMgr.h">
      <Filter>소스 파일\01. Network</Filter>
    </ClInclude>
    <ClInclude Include="..\utils\CLockfreeQueue.h">
      <Filter>소스 파일\03. Utils</Filter>
    </ClInclude>
    <ClInclude Include="..\utils\CLockfreeStack.h">
      <Filter>소스 파일\03. Utils</Filter>
    </ClInclude>
    <ClInclude Include="..\utils\CMemoryPool.h">
      <Filter>소스 파일\03. Utils</Filter>
    </ClInclude>
    <ClInclude Include="..\utils\CMemoryPoolTLS.h">
      <Filter>소스 파일\03. Utils</Filter>
    </ClInclude>
    <ClInclude Include="..\utils\CRingbuffer.h">
      <Filter>소스 파일\03. Utils</Filter>
    </ClInclude>
  </ItemGroup>
</Project>