
Microsoft Visual Studio Solution File, Format Version 12.00
# Visual Studio Version 17
VisualStudioVersion = 17.6.33815.320
MinimumVisualStudioVersion = 10.0.40219.1
Project("{9A19103F-16F7-4668-BE54-9A1E7A4F7556}") = "MonitoringClient", "MonitoringClient.csproj", "{8A4513AA-B74C-42FF-8198-9290E3A420F8}"
EndProject
Global
	GlobalSection(SolutionConfigurationPlatforms) = preSolution
		Debug|Any CPU = Debug|Any CPU
		Release|Any CPU = Release|Any CPU
	EndGlobalSection
	GlobalSection(ProjectConfigurationPlatforms) = postSolution
		{8A4513AA-B74C-42FF-8198-9290E3A420F8}.Debug|Any CPU.ActiveCfg = Debug|Any CPU
		{8A4513AA-B74C-42FF-8198-9290E3A420F8}.Debug|Any CPU.Build.0 = Debug|Any CPU
		{8A4513AA-B74C-42FF-8198-9290E3A420F8}.Release|Any CPU.ActiveCfg = Release|Any CPU
		{8A4513AA-B74C-42FF-8198-9290E3A420F8}.Release|Any CPU.Build.0 = Release|Any CPU
	EndGlobalSection
	GlobalSection(SolutionProperties) = preSolution
		HideSolutionNode = FALSE
	EndGlobalSection
	GlobalSection(ExtensibilityGlobals) = postSolution
		SolutionGuid = {57B99EA8-6435-46F4-AE45-1CF8E1052677}
	EndGlobalSection
EndGlobal
